
Microsoft Visual Studio Solution File, Format Version 12.00
# Visual Studio Version 17
VisualStudioVersion = 17.7.33927.210
MinimumVisualStudioVersion = 10.0.40219.1
Project("{FAE04EC0-301F-11D3-BF4B-00C04F79EFBC}") = "IdentityLogin", "IdentityLogin\IdentityLogin.csproj", "{D2558C7F-065E-4B44-8618-4ACF26F11A1E}"
EndProject
Global
	GlobalSection(SolutionConfigurationPlatforms) = preSolution
		Debug|Any CPU = Debug|Any CPU
		Release|Any CPU = Release|Any CPU
	EndGlobalSection
	GlobalSection(ProjectConfigurationPlatforms) = postSolution
		{D2558C7F-065E-4B44-8618-4ACF26F11A1E}.Debug|Any CPU.ActiveCfg = Debug|Any CPU
		{D2558C7F-065E-4B44-8618-4ACF26F11A1E}.Debug|Any CPU.Build.0 = Debug|Any CPU
		{D2558C7F-065E-4B44-8618-4ACF26F11A1E}.Release|Any CPU.ActiveCfg = Release|Any CPU
		{D2558C7F-065E-4B44-8618-4ACF26F11A1E}.Release|Any CPU.Build.0 = Release|Any CPU
	EndGlobalSection
	GlobalSection(SolutionProperties) = preSolution
		HideSolutionNode = FALSE
	EndGlobalSection
	GlobalSection(ExtensibilityGlobals) = postSolution
		SolutionGuid = {434EBBA9-7CCC-4183-A02E-E6AF5447AEA4}
	EndGlobalSection
EndGlobal
